Microsoft Visual Studio Solution File, Format Version 12.00
# Visual Studio Version 17
VisualStudioVersion = 17.5.2.0
MinimumVisualStudioVersion = 10.0.40219.1
Project("{2150E333-8FDC-42A3-9474-1A3956D46DE8}") = "c_sharp", "c_sharp", "{19A2B4A5-8C19-5512-A8B5-40F83BB80AFA}"
EndProject
Project("{FAE04EC0-301F-11D3-BF4B-00C04F79EFBC}") = "01_Syntax", "c_sharp\01_Syntax\01_Syntax.csproj", "{D35512EA-BF0E-8373-13A0-99FE5F637899}"
EndProject
Global
	GlobalSection(SolutionConfigurationPlatforms) = preSolution
		Debug|Any CPU = Debug|Any CPU
		Release|Any CPU = Release|Any CPU
	EndGlobalSection
	GlobalSection(ProjectConfigurationPlatforms) = postSolution
		{D35512EA-BF0E-8373-13A0-99FE5F637899}.Debug|Any CPU.ActiveCfg = Debug|Any CPU
		{D35512EA-BF0E-8373-13A0-99FE5F637899}.Debug|Any CPU.Build.0 = Debug|Any CPU
		{D35512EA-BF0E-8373-13A0-99FE5F637899}.Release|Any CPU.ActiveCfg = Release|Any CPU
		{D35512EA-BF0E-8373-13A0-99FE5F637899}.Release|Any CPU.Build.0 = Release|Any CPU
	EndGlobalSection
	GlobalSection(SolutionProperties) = preSolution
		HideSolutionNode = FALSE
	EndGlobalSection
	GlobalSection(NestedProjects) = preSolution
		{D35512EA-BF0E-8373-13A0-99FE5F637899} = {19A2B4A5-8C19-5512-A8B5-40F83BB80AFA}
	EndGlobalSection
	GlobalSection(ExtensibilityGlobals) = postSolution
		SolutionGuid = {F9006FBC-9595-4041-9903-56BD87C8283E}
	EndGlobalSection
EndGlobal
